
Microsoft Visual Studio Solution File, Format Version 12.00
# Visual Studio Version 16
VisualStudioVersion = 16.0.31424.327
MinimumVisualStudioVersion = 10.0.40219.1
Project("{FAE04EC0-301F-11D3-BF4B-00C04F79EFBC}") = "Odev", "ConsoleApp2\Odev.csproj", "{6A0EF613-7CC4-4B14-941D-18075E1CD4AE}"
EndProject
Project("{FAE04EC0-301F-11D3-BF4B-00C04F79EFBC}") = "TasitLib", "TasitLib\TasitLib.csproj", "{31C54A43-7F4B-4DB5-9338-BFE82D3A0DE2}"
EndProject
Global
	GlobalSection(SolutionConfigurationPlatforms) = preSolution
		Debug|Any CPU = Debug|Any CPU
		Release|Any CPU = Release|Any CPU
	EndGlobalSection
	GlobalSection(ProjectConfigurationPlatforms) = postSolution
		{6A0EF613-7CC4-4B14-941D-18075E1CD4AE}.Debug|Any CPU.ActiveCfg = Debug|Any CPU
		{6A0EF613-7CC4-4B14-941D-18075E1CD4AE}.Debug|Any CPU.Build.0 = Debug|Any CPU
		{6A0EF613-7CC4-4B14-941D-18075E1CD4AE}.Release|Any CPU.ActiveCfg = Release|Any CPU
		{6A0EF613-7CC4-4B14-941D-18075E1CD4AE}.Release|Any CPU.Build.0 = Release|Any CPU
		{31C54A43-7F4B-4DB5-9338-BFE82D3A0DE2}.Debug|Any CPU.ActiveCfg = Debug|Any CPU
		{31C54A43-7F4B-4DB5-9338-BFE82D3A0DE2}.Debug|Any CPU.Build.0 = Debug|Any CPU
		{31C54A43-7F4B-4DB5-9338-BFE82D3A0DE2}.Release|Any CPU.ActiveCfg = Release|Any CPU
		{31C54A43-7F4B-4DB5-9338-BFE82D3A0DE2}.Release|Any CPU.Build.0 = Release|Any CPU
	EndGlobalSection
	GlobalSection(SolutionProperties) = preSolution
		HideSolutionNode = FALSE
	EndGlobalSection
	GlobalSection(ExtensibilityGlobals) = postSolution
		SolutionGuid = {15E48624-10FA-4EAD-B8BF-3F2065253A24}
	EndGlobalSection
EndGlobal
